
Microsoft Visual Studio Solution File, Format Version 12.00
# Visual Studio 15
VisualStudioVersion = 15.0.28010.2050
MinimumVisualStudioVersion = 10.0.40219.1
Project("{FAE04EC0-301F-11D3-BF4B-00C04F79EFBC}") = "ClassTest", "ClassTest\ClassTest.csproj", "{EC7A202C-CDDB-4CCE-A99A-D3139164D3FD}"
EndProject
Global
	GlobalSection(SolutionConfigurationPlatforms) = preSolution
		Debug|Any CPU = Debug|Any CPU
		Release|Any CPU = Release|Any CPU
	EndGlobalSection
	GlobalSection(ProjectConfigurationPlatforms) = postSolution
		{EC7A202C-CDDB-4CCE-A99A-D3139164D3FD}.Debug|Any CPU.ActiveCfg = Debug|Any CPU
		{EC7A202C-CDDB-4CCE-A99A-D3139164D3FD}.Debug|Any CPU.Build.0 = Debug|Any CPU
		{EC7A202C-CDDB-4CCE-A99A-D3139164D3FD}.Release|Any CPU.ActiveCfg = Release|Any CPU
		{EC7A202C-CDDB-4CCE-A99A-D3139164D3FD}.Release|Any CPU.Build.0 = Release|Any CPU
	EndGlobalSection
	GlobalSection(SolutionProperties) = preSolution
		HideSolutionNode = FALSE
	EndGlobalSection
	GlobalSection(ExtensibilityGlobals) = postSolution
		SolutionGuid = {C30E58A1-1CFC-4E28-A156-A05D8B6FF73B}
	EndGlobalSection
EndGlobal
